# generated by rye
# use `rye lock` or `rye sync` to update this lockfile
#
# last locked with the following flags:
#   pre: false
#   features: []
#   all-features: false
#   with-sources: false
#   generate-hashes: false

-e file:.
et-xmlfile==1.1.0
    # via openpyxl
numpy==2.0.0
    # via pandas
openpyxl==3.1.5
    # via examplebasedcoding
pandas==2.2.2
    # via examplebasedcoding
python-dateutil==2.9.0.post0
    # via pandas
pytz==2024.1
    # via pandas
rapidfuzz==3.9.4
    # via examplebasedcoding
six==1.16.0
    # via python-dateutil
tqdm==4.66.4
    # via examplebasedcoding
tzdata==2024.1
    # via pandas
